
Microsoft Visual Studio Solution File, Format Version 12.00
# Visual Studio Version 17
VisualStudioVersion = 17.8.34511.84
MinimumVisualStudioVersion = 10.0.40219.1
Project("{FAE04EC0-301F-11D3-BF4B-00C04F79EFBC}") = "Lab05.GUI", "Lab05.GUI\Lab05.GUI.csproj", "{8BBEB488-A8CA-4C67-8DD4-26B85CEFD1E7}"
EndProject
Project("{FAE04EC0-301F-11D3-BF4B-00C04F79EFBC}") = "Lab05.BUS", "Lab05.BUS\Lab05.BUS.csproj", "{09FDF41F-70A1-414E-957A-A95FAE0678C0}"
EndProject
Project("{FAE04EC0-301F-11D3-BF4B-00C04F79EFBC}") = "Lab05.DAL", "Lab05.DAL\Lab05.DAL.csproj", "{5FC5EFF4-0380-4A03-A4F2-4F92A2398EA3}"
EndProject
Global
	GlobalSection(SolutionConfigurationPlatforms) = preSolution
		Debug|Any CPU = Debug|Any CPU
		Release|Any CPU = Release|Any CPU
	EndGlobalSection
	GlobalSection(ProjectConfigurationPlatforms) = postSolution
		{8BBEB488-A8CA-4C67-8DD4-26B85CEFD1E7}.Debug|Any CPU.ActiveCfg = Debug|Any CPU
		{8BBEB488-A8CA-4C67-8DD4-26B85CEFD1E7}.Debug|Any CPU.Build.0 = Debug|Any CPU
		{8BBEB488-A8CA-4C67-8DD4-26B85CEFD1E7}.Release|Any CPU.ActiveCfg = Release|Any CPU
		{8BBEB488-A8CA-4C67-8DD4-26B85CEFD1E7}.Release|Any CPU.Build.0 = Release|Any CPU
		{09FDF41F-70A1-414E-957A-A95FAE0678C0}.Debug|Any CPU.ActiveCfg = Debug|Any CPU
		{09FDF41F-70A1-414E-957A-A95FAE0678C0}.Debug|Any CPU.Build.0 = Debug|Any CPU
		{09FDF41F-70A1-414E-957A-A95FAE0678C0}.Release|Any CPU.ActiveCfg = Release|Any CPU
		{09FDF41F-70A1-414E-957A-A95FAE0678C0}.Release|Any CPU.Build.0 = Release|Any CPU
		{5FC5EFF4-0380-4A03-A4F2-4F92A2398EA3}.Debug|Any CPU.ActiveCfg = Debug|Any CPU
		{5FC5EFF4-0380-4A03-A4F2-4F92A2398EA3}.Debug|Any CPU.Build.0 = Debug|Any CPU
		{5FC5EFF4-0380-4A03-A4F2-4F92A2398EA3}.Release|Any CPU.ActiveCfg = Release|Any CPU
		{5FC5EFF4-0380-4A03-A4F2-4F92A2398EA3}.Release|Any CPU.Build.0 = Release|Any CPU
	EndGlobalSection
	GlobalSection(SolutionProperties) = preSolution
		HideSolutionNode = FALSE
	EndGlobalSection
	GlobalSection(ExtensibilityGlobals) = postSolution
		SolutionGuid = {4546E4E6-26A7-48E9-B3AC-80559D2507F5}
	EndGlobalSection
EndGlobal
